
Microsoft Visual Studio Solution File, Format Version 12.00
# Visual Studio Version 17
VisualStudioVersion = 17.5.33530.505
MinimumVisualStudioVersion = 10.0.40219.1
Project("{FAE04EC0-301F-11D3-BF4B-00C04F79EFBC}") = "Algorithms", "Algorithms\Algorithms.csproj", "{D860BB4D-B102-4457-BDE5-40D3D9DDFC08}"
EndProject
Project("{FAE04EC0-301F-11D3-BF4B-00C04F79EFBC}") = "Testing", "Testing\Testing.csproj", "{BA2B4C1F-76F2-4442-8344-C98C6EE34D83}"
EndProject
Global
	GlobalSection(SolutionConfigurationPlatforms) = preSolution
		Debug|Any CPU = Debug|Any CPU
		Release|Any CPU = Release|Any CPU
	EndGlobalSection
	GlobalSection(ProjectConfigurationPlatforms) = postSolution
		{D860BB4D-B102-4457-BDE5-40D3D9DDFC08}.Debug|Any CPU.ActiveCfg = Debug|Any CPU
		{D860BB4D-B102-4457-BDE5-40D3D9DDFC08}.Debug|Any CPU.Build.0 = Debug|Any CPU
		{D860BB4D-B102-4457-BDE5-40D3D9DDFC08}.Release|Any CPU.ActiveCfg = Release|Any CPU
		{D860BB4D-B102-4457-BDE5-40D3D9DDFC08}.Release|Any CPU.Build.0 = Release|Any CPU
		{BA2B4C1F-76F2-4442-8344-C98C6EE34D83}.Debug|Any CPU.ActiveCfg = Debug|Any CPU
		{BA2B4C1F-76F2-4442-8344-C98C6EE34D83}.Debug|Any CPU.Build.0 = Debug|Any CPU
		{BA2B4C1F-76F2-4442-8344-C98C6EE34D83}.Release|Any CPU.ActiveCfg = Release|Any CPU
		{BA2B4C1F-76F2-4442-8344-C98C6EE34D83}.Release|Any CPU.Build.0 = Release|Any CPU
	EndGlobalSection
	GlobalSection(SolutionProperties) = preSolution
		HideSolutionNode = FALSE
	EndGlobalSection
	GlobalSection(ExtensibilityGlobals) = postSolution
		SolutionGuid = {76905089-8D6E-4917-A03D-EAB421B07AE2}
	EndGlobalSection
EndGlobal
